// !$*UTF8*$!
{
	archiveVersion = 1;
	classes = {
	};
	objectVersion = 56;
	objects = {

/* Begin PBXBuildFile section */
		3D2CCAB32BA2247300DAFDB0 /* Shuffle_FocusApp.swift in Sources */ = {isa = PBXBuildFile; fileRef = 3D2CCAB22BA2247300DAFDB0 /* Shuffle_FocusApp.swift */; };
		3D2CCAB52BA2247300DAFDB0 /* ContentView.swift in Sources */ = {isa = PBXBuildFile; fileRef = 3D2CCAB42BA2247300DAFDB0 /* ContentView.swift */; };
		3D2CCAB72BA2247400DAFDB0 /* Assets.xcassets in Resources */ = {isa = PBXBuildFile; fileRef = 3D2CCAB62BA2247400DAFDB0 /* Assets.xcassets */; };
		3D2CCABA2BA2247400DAFDB0 /* Preview Assets.xcassets in Resources */ = {isa = PBXBuildFile; fileRef = 3D2CCAB92BA2247400DAFDB0 /* Preview Assets.xcassets */; };
		3D6C774B2BA7681C00213737 /* ShuffleAbsurdities.swift in Sources */ = {isa = PBXBuildFile; fileRef = 3D6C774A2BA7681C00213737 /* ShuffleAbsurdities.swift */; };
		3D6C774E2BA7813C00213737 /* Absurdities.json in Resources */ = {isa = PBXBuildFile; fileRef = 3D6C774D2BA7813C00213737 /* Absurdities.json */; };
		3D6C77522BA7884400213737 /* AbsurdityView.swift in Sources */ = {isa = PBXBuildFile; fileRef = 3D6C77512BA7884400213737 /* AbsurdityView.swift */; };
		3D8252012BA3B39C0045CD8D /* ShuffleTimer.swift in Sources */ = {isa = PBXBuildFile; fileRef = 3D8252002BA3B39C0045CD8D /* ShuffleTimer.swift */; };
		3D95D5CC2BA683710075063E /* TimerView.swift in Sources */ = {isa = PBXBuildFile; fileRef = 3D95D5CB2BA683710075063E /* TimerView.swift */; };
		3D95D5CE2BA6837A0075063E /* SwipeView.swift in Sources */ = {isa = PBXBuildFile; fileRef = 3D95D5CD2BA6837A0075063E /* SwipeView.swift */; };
		3D95D5D02BA6839E0075063E /* CardView.swift in Sources */ = {isa = PBXBuildFile; fileRef = 3D95D5CF2BA6839E0075063E /* CardView.swift */; };
		3D95D5D22BA746BA0075063E /* ProgressView.swift in Sources */ = {isa = PBXBuildFile; fileRef = 3D95D5D12BA746BA0075063E /* ProgressView.swift */; };
/* End PBXBuildFile section */

/* Begin PBXFileReference section */
		3D2CCAAF2BA2247300DAFDB0 /* Shuffle Focus.app */ = {isa = PBXFileReference; explicitFileType = wrapper.application; includeInIndex = 0; path = "Shuffle Focus.app"; sourceTree = BUILT_PRODUCTS_DIR; };
		3D2CCAB22BA2247300DAFDB0 /* Shuffle_FocusApp.swift */ = {isa = PBXFileReference; lastKnownFileType = sourcecode.swift; path = Shuffle_FocusApp.swift; sourceTree = "<group>"; };
		3D2CCAB42BA2247300DAFDB0 /* ContentView.swift */ = {isa = PBXFileReference; lastKnownFileType = sourcecode.swift; path = ContentView.swift; sourceTree = "<group>"; };
		3D2CCAB62BA2247400DAFDB0 /* Assets.xcassets */ = {isa = PBXFileReference; lastKnownFileType = folder.assetcatalog; path = Assets.xcassets; sourceTree = "<group>"; };
		3D2CCAB92BA2247400DAFDB0 /* Preview Assets.xcassets */ = {isa = PBXFileReference; lastKnownFileType = folder.assetcatalog; path = "Preview Assets.xcassets"; sourceTree = "<group>"; };
		3D6C774A2BA7681C00213737 /* ShuffleAbsurdities.swift */ = {isa = PBXFileReference; lastKnownFileType = sourcecode.swift; path = ShuffleAbsurdities.swift; sourceTree = "<group>"; };
		3D6C774D2BA7813C00213737 /* Absurdities.json */ = {isa = PBXFileReference; fileEncoding = 4; lastKnownFileType = text.json; path = Absurdities.json; sourceTree = "<group>"; };
		3D6C77512BA7884400213737 /* AbsurdityView.swift */ = {isa = PBXFileReference; lastKnownFileType = sourcecode.swift; path = AbsurdityView.swift; sourceTree = "<group>"; };
		3D8252002BA3B39C0045CD8D /* ShuffleTimer.swift */ = {isa = PBXFileReference; lastKnownFileType = sourcecode.swift; path = ShuffleTimer.swift; sourceTree = "<group>"; };
		3D95D5CB2BA683710075063E /* TimerView.swift */ = {isa = PBXFileReference; lastKnownFileType = sourcecode.swift; path = TimerView.swift; sourceTree = "<group>"; };
		3D95D5CD2BA6837A0075063E /* SwipeView.swift */ = {isa = PBXFileReference; lastKnownFileType = sourcecode.swift; path = SwipeView.swift; sourceTree = "<group>"; };
		3D95D5CF2BA6839E0075063E /* CardView.swift */ = {isa = PBXFileReference; lastKnownFileType = sourcecode.swift; path = CardView.swift; sourceTree = "<group>"; };
		3D95D5D12BA746BA0075063E /* ProgressView.swift */ = {isa = PBXFileReference; lastKnownFileType = sourcecode.swift; path = ProgressView.swift; sourceTree = "<group>"; };
/* End PBXFileReference section */

/* Begin PBXFrameworksBuildPhase section */
		3D2CCAAC2BA2247300DAFDB0 /* Frameworks */ = {
			isa = PBXFrameworksBuildPhase;
			buildActionMask = 2147483647;
			files = (
			);
			runOnlyForDeploymentPostprocessing = 0;
		};
/* End PBXFrameworksBuildPhase section */

/* Begin PBXGroup section */
		3D2CCAA62BA2247300DAFDB0 = {
			isa = PBXGroup;
			children = (
				3D2CCAB12BA2247300DAFDB0 /* Shuffle Focus */,
				3D2CCAB02BA2247300DAFDB0 /* Products */,
			);
			sourceTree = "<group>";
		};
		3D2CCAB02BA2247300DAFDB0 /* Products */ = {
			isa = PBXGroup;
			children = (
				3D2CCAAF2BA2247300DAFDB0 /* Shuffle Focus.app */,
			);
			name = Products;
			sourceTree = "<group>";
		};
		3D2CCAB12BA2247300DAFDB0 /* Shuffle Focus */ = {
			isa = PBXGroup;
			children = (
				3D2CCAB42BA2247300DAFDB0 /* ContentView.swift */,
				3D6C774C2BA7795A00213737 /* Data */,
				3D95D5CA2BA683650075063E /* Views */,
				3D8251FF2BA3B38E0045CD8D /* Logic */,
				3D2CCAB62BA2247400DAFDB0 /* Assets.xcassets */,
				3D2CCAB22BA2247300DAFDB0 /* Shuffle_FocusApp.swift */,
				3D2CCAB82BA2247400DAFDB0 /* Preview Content */,
			);
			path = "Shuffle Focus";
			sourceTree = "<group>";
		};
		3D2CCAB82BA2247400DAFDB0 /* Preview Content */ = {
			isa = PBXGroup;
			children = (
				3D2CCAB92BA2247400DAFDB0 /* Preview Assets.xcassets */,
			);
			path = "Preview Content";
			sourceTree = "<group>";
		};
		3D6C774C2BA7795A00213737 /* Data */ = {
			isa = PBXGroup;
			children = (
				3D6C774D2BA7813C00213737 /* Absurdities.json */,
			);
			path = Data;
			sourceTree = "<group>";
		};
		3D8251FF2BA3B38E0045CD8D /* Logic */ = {
			isa = PBXGroup;
			children = (
				3D8252002BA3B39C0045CD8D /* ShuffleTimer.swift */,
				3D6C774A2BA7681C00213737 /* ShuffleAbsurdities.swift */,
			);
			path = Logic;
			sourceTree = "<group>";
		};
		3D95D5CA2BA683650075063E /* Views */ = {
			isa = PBXGroup;
			children = (
				3D95D5CD2BA6837A0075063E /* SwipeView.swift */,
				3D95D5CF2BA6839E0075063E /* CardView.swift */,
				3D95D5CB2BA683710075063E /* TimerView.swift */,
				3D95D5D12BA746BA0075063E /* ProgressView.swift */,
				3D6C77512BA7884400213737 /* AbsurdityView.swift */,
			);
			path = Views;
			sourceTree = "<group>";
		};
/* End PBXGroup section */

/* Begin PBXNativeTarget section */
		3D2CCAAE2BA2247300DAFDB0 /* Shuffle Focus */ = {
			isa = PBXNativeTarget;
			buildConfigurationList = 3D2CCABD2BA2247400DAFDB0 /* Build configuration list for PBXNativeTarget "Shuffle Focus" */;
			buildPhases = (
				3D2CCAAB2BA2247300DAFDB0 /* Sources */,
				3D2CCAAC2BA2247300DAFDB0 /* Frameworks */,
				3D2CCAAD2BA2247300DAFDB0 /* Resources */,
			);
			buildRules = (
			);
			dependencies = (
			);
			name = "Shuffle Focus";
			productName = "Shuffle Focus";
			productReference = 3D2CCAAF2BA2247300DAFDB0 /* Shuffle Focus.app */;
			productType = "com.apple.product-type.application";
		};
/* End PBXNativeTarget section */

/* Begin PBXProject section */
		3D2CCAA72BA2247300DAFDB0 /* Project object */ = {
			isa = PBXProject;
			attributes = {
				BuildIndependentTargetsInParallel = 1;
				LastSwiftUpdateCheck = 1530;
				LastUpgradeCheck = 1530;
				TargetAttributes = {
					3D2CCAAE2BA2247300DAFDB0 = {
						CreatedOnToolsVersion = 15.3;
					};
				};
			};
			buildConfigurationList = 3D2CCAAA2BA2247300DAFDB0 /* Build configuration list for PBXProject "Shuffle Focus" */;
			compatibilityVersion = "Xcode 14.0";
			developmentRegion = en;
			hasScannedForEncodings = 0;
			knownRegions = (
				en,
				Base,
			);
			mainGroup = 3D2CCAA62BA2247300DAFDB0;
			productRefGroup = 3D2CCAB02BA2247300DAFDB0 /* Products */;
			projectDirPath = "";
			projectRoot = "";
			targets = (
				3D2CCAAE2BA2247300DAFDB0 /* Shuffle Focus */,
			);
		};
/* End PBXProject section */

/* Begin PBXResourcesBuildPhase section */
		3D2CCAAD2BA2247300DAFDB0 /* Resources */ = {
			isa = PBXResourcesBuildPhase;
			buildActionMask = 2147483647;
			files = (
				3D2CCABA2BA2247400DAFDB0 /* Preview Assets.xcassets in Resources */,
				3D2CCAB72BA2247400DAFDB0 /* Assets.xcassets in Resources */,
				3D6C774E2BA7813C00213737 /* Absurdities.json in Resources */,
			);
			runOnlyForDeploymentPostprocessing = 0;
		};
/* End PBXResourcesBuildPhase section */

/* Begin PBXSourcesBuildPhase section */
		3D2CCAAB2BA2247300DAFDB0 /* Sources */ = {
			isa = PBXSourcesBuildPhase;
			buildActionMask = 2147483647;
			files = (
				3D2CCAB52BA2247300DAFDB0 /* ContentView.swift in Sources */,
				3D8252012BA3B39C0045CD8D /* ShuffleTimer.swift in Sources */,
				3D95D5CC2BA683710075063E /* TimerView.swift in Sources */,
				3D95D5CE2BA6837A0075063E /* SwipeView.swift in Sources */,
				3D95D5D22BA746BA0075063E /* ProgressView.swift in Sources */,
				3D6C77522BA7884400213737 /* AbsurdityView.swift in Sources */,
				3D95D5D02BA6839E0075063E /* CardView.swift in Sources */,
				3D2CCAB32BA2247300DAFDB0 /* Shuffle_FocusApp.swift in Sources */,
				3D6C774B2BA7681C00213737 /* ShuffleAbsurdities.swift in Sources */,
			);
			runOnlyForDeploymentPostprocessing = 0;
		};
/* End PBXSourcesBuildPhase section */

/* Begin XCBuildConfiguration section */
		3D2CCABB2BA2247400DAFDB0 /* Debug */ = {
			isa = XCBuildConfiguration;
			buildSettings = {
				ALWAYS_SEARCH_USER_PATHS = NO;
				ASSETCATALOG_COMPILER_GENERATE_SWIFT_ASSET_SYMBOL_EXTENSIONS = YES;
				CLANG_ANALYZER_NONNULL = YES;
				CLANG_ANALYZER_NUMBER_OBJECT_CONVERSION = YES_AGGRESSIVE;
				CLANG_CXX_LANGUAGE_STANDARD = "gnu++20";
				CLANG_ENABLE_MODULES = YES;
				CLANG_ENABLE_OBJC_ARC = YES;
				CLANG_ENABLE_OBJC_WEAK = YES;
				CLANG_WARN_BLOCK_CAPTURE_AUTORELEASING = YES;
				CLANG_WARN_BOOL_CONVERSION = YES;
				CLANG_WARN_COMMA = YES;
				CLANG_WARN_CONSTANT_CONVERSION = YES;
				CLANG_WARN_DEPRECATED_OBJC_IMPLEMENTATIONS = YES;
				CLANG_WARN_DIRECT_OBJC_ISA_USAGE = YES_ERROR;
				CLANG_WARN_DOCUMENTATION_COMMENTS = YES;
				CLANG_WARN_EMPTY_BODY = YES;
				CLANG_WARN_ENUM_CONVERSION = YES;
				CLANG_WARN_INFINITE_RECURSION = YES;
				CLANG_WARN_INT_CONVERSION = YES;
				CLANG_WARN_NON_LITERAL_NULL_CONVERSION = YES;
				CLANG_WARN_OBJC_IMPLICIT_RETAIN_SELF = YES;
				CLANG_WARN_OBJC_LITERAL_CONVERSION = YES;
				CLANG_WARN_OBJC_ROOT_CLASS = YES_ERROR;
				CLANG_WARN_QUOTED_INCLUDE_IN_FRAMEWORK_HEADER = YES;
				CLANG_WARN_RANGE_LOOP_ANALYSIS = YES;
				CLANG_WARN_STRICT_PROTOTYPES = YES;
				CLANG_WARN_SUSPICIOUS_MOVE = YES;
				CLANG_WARN_UNGUARDED_AVAILABILITY = YES_AGGRESSIVE;
				CLANG_WARN_UNREACHABLE_CODE = YES;
				CLANG_WARN__DUPLICATE_METHOD_MATCH = YES;
				COPY_PHASE_STRIP = NO;
				DEBUG_INFORMATION_FORMAT = dwarf;
				ENABLE_STRICT_OBJC_MSGSEND = YES;
				ENABLE_TESTABILITY = YES;
				ENABLE_USER_SCRIPT_SANDBOXING = YES;
				GCC_C_LANGUAGE_STANDARD = gnu17;
				GCC_DYNAMIC_NO_PIC = NO;
				GCC_NO_COMMON_BLOCKS = YES;
				GCC_OPTIMIZATION_LEVEL = 0;
				GCC_PREPROCESSOR_DEFINITIONS = (
					"DEBUG=1",
					"$(inherited)",
				);
				GCC_WARN_64_TO_32_BIT_CONVERSION = YES;
				GCC_WARN_ABOUT_RETURN_TYPE = YES_ERROR;
				GCC_WARN_UNDECLARED_SELECTOR = YES;
				GCC_WARN_UNINITIALIZED_AUTOS = YES_AGGRESSIVE;
				GCC_WARN_UNUSED_FUNCTION = YES;
				GCC_WARN_UNUSED_VARIABLE = YES;
				IPHONEOS_DEPLOYMENT_TARGET = 17.4;
				LOCALIZATION_PREFERS_STRING_CATALOGS = YES;
				MTL_ENABLE_DEBUG_INFO = INCLUDE_SOURCE;
				MTL_FAST_MATH = YES;
				ONLY_ACTIVE_ARCH = YES;
				SDKROOT = iphoneos;
				SWIFT_ACTIVE_COMPILATION_CONDITIONS = "DEBUG $(inherited)";
				SWIFT_OPTIMIZATION_LEVEL = "-Onone";
			};
			name = Debug;
		};
		3D2CCABC2BA2247400DAFDB0 /* Release */ = {
			isa = XCBuildConfiguration;
			buildSettings = {
				ALWAYS_SEARCH_USER_PATHS = NO;
				ASSETCATALOG_COMPILER_GENERATE_SWIFT_ASSET_SYMBOL_EXTENSIONS = YES;
				CLANG_ANALYZER_NONNULL = YES;
				CLANG_ANALYZER_NUMBER_OBJECT_CONVERSION = YES_AGGRESSIVE;
				CLANG_CXX_LANGUAGE_STANDARD = "gnu++20";
				CLANG_ENABLE_MODULES = YES;
				CLANG_ENABLE_OBJC_ARC = YES;
				CLANG_ENABLE_OBJC_WEAK = YES;
				CLANG_WARN_BLOCK_CAPTURE_AUTORELEASING = YES;
				CLANG_WARN_BOOL_CONVERSION = YES;
				CLANG_WARN_COMMA = YES;
				CLANG_WARN_CONSTANT_CONVERSION = YES;
				CLANG_WARN_DEPRECATED_OBJC_IMPLEMENTATIONS = YES;
				CLANG_WARN_DIRECT_OBJC_ISA_USAGE = YES_ERROR;
				CLANG_WARN_DOCUMENTATION_COMMENTS = YES;
				CLANG_WARN_EMPTY_BODY = YES;
				CLANG_WARN_ENUM_CONVERSION = YES;
				CLANG_WARN_INFINITE_RECURSION = YES;
				CLANG_WARN_INT_CONVERSION = YES;
				CLANG_WARN_NON_LITERAL_NULL_CONVERSION = YES;
				CLANG_WARN_OBJC_IMPLICIT_RETAIN_SELF = YES;
				CLANG_WARN_OBJC_LITERAL_CONVERSION = YES;
				CLANG_WARN_OBJC_ROOT_CLASS = YES_ERROR;
				CLANG_WARN_QUOTED_INCLUDE_IN_FRAMEWORK_HEADER = YES;
				CLANG_WARN_RANGE_LOOP_ANALYSIS = YES;
				CLANG_WARN_STRICT_PROTOTYPES = YES;
				CLANG_WARN_SUSPICIOUS_MOVE = YES;
				CLANG_WARN_UNGUARDED_AVAILABILITY = YES_AGGRESSIVE;
				CLANG_WARN_UNREACHABLE_CODE = YES;
				CLANG_WARN__DUPLICATE_METHOD_MATCH = YES;
				COPY_PHASE_STRIP = NO;
				DEBUG_INFORMATION_FORMAT = "dwarf-with-dsym";
				ENABLE_NS_ASSERTIONS = NO;
				ENABLE_STRICT_OBJC_MSGSEND = YES;
				ENABLE_USER_SCRIPT_SANDBOXING = YES;
				GCC_C_LANGUAGE_STANDARD = gnu17;
				GCC_NO_COMMON_BLOCKS = YES;
				GCC_WARN_64_TO_32_BIT_CONVERSION = YES;
				GCC_WARN_ABOUT_RETURN_TYPE = YES_ERROR;
				GCC_WARN_UNDECLARED_SELECTOR = YES;
				GCC_WARN_UNINITIALIZED_AUTOS = YES_AGGRESSIVE;
				GCC_WARN_UNUSED_FUNCTION = YES;
				GCC_WARN_UNUSED_VARIABLE = YES;
				IPHONEOS_DEPLOYMENT_TARGET = 17.4;
				LOCALIZATION_PREFERS_STRING_CATALOGS = YES;
				MTL_ENABLE_DEBUG_INFO = NO;
				MTL_FAST_MATH = YES;
				SDKROOT = iphoneos;
				SWIFT_COMPILATION_MODE = wholemodule;
				VALIDATE_PRODUCT = YES;
			};
			name = Release;
		};
		3D2CCABE2BA2247400DAFDB0 /* Debug */ = {
			isa = XCBuildConfiguration;
			buildSettings = {
				ASSETCATALOG_COMPILER_APPICON_NAME = AppIcon;
				ASSETCATALOG_COMPILER_GLOBAL_ACCENT_COLOR_NAME = AccentColor;
				ASSETCATALOG_COMPILER_INCLUDE_ALL_APPICON_ASSETS = NO;
				CODE_SIGN_STYLE = Automatic;
				CURRENT_PROJECT_VERSION = 1;
				DEVELOPMENT_ASSET_PATHS = "\"Shuffle Focus/Preview Content\"";
				DEVELOPMENT_TEAM = 32PNVK46J4;
				ENABLE_PREVIEWS = YES;
				GENERATE_INFOPLIST_FILE = YES;
				INFOPLIST_KEY_UIApplicationSceneManifest_Generation = YES;
				INFOPLIST_KEY_UIApplicationSupportsIndirectInputEvents = YES;
				INFOPLIST_KEY_UILaunchScreen_Generation = YES;
				INFOPLIST_KEY_UIStatusBarHidden = NO;
				INFOPLIST_KEY_UIStatusBarStyle = "";
				INFOPLIST_KEY_UISupportedInterfaceOrientations = UIInterfaceOrientationPortrait;
				LD_RUNPATH_SEARCH_PATHS = (
					"$(inherited)",
					"@executable_path/Frameworks",
				);
				MARKETING_VERSION = 1.0;
				PRODUCT_BUNDLE_IDENTIFIER = "Foxwood-Software.Shuffle-Focus";
				PRODUCT_NAME = "$(TARGET_NAME)";
				SUPPORTED_PLATFORMS = "iphoneos iphonesimulator";
				SUPPORTS_MACCATALYST = NO;
				SUPPORTS_MAC_DESIGNED_FOR_IPHONE_IPAD = NO;
				SUPPORTS_XR_DESIGNED_FOR_IPHONE_IPAD = NO;
				SWIFT_EMIT_LOC_STRINGS = YES;
				SWIFT_VERSION = 5.0;
				TARGETED_DEVICE_FAMILY = 1;
			};
			name = Debug;
		};
		3D2CCABF2BA2247400DAFDB0 /* Release */ = {
			isa = XCBuildConfiguration;
			buildSettings = {
				ASSETCATALOG_COMPILER_APPICON_NAME = AppIcon;
				ASSETCATALOG_COMPILER_GLOBAL_ACCENT_COLOR_NAME = AccentColor;
				ASSETCATALOG_COMPILER_INCLUDE_ALL_APPICON_ASSETS = NO;
				CODE_SIGN_STYLE = Automatic;
				CURRENT_PROJECT_VERSION = 1;
				DEVELOPMENT_ASSET_PATHS = "\"Shuffle Focus/Preview Content\"";
				DEVELOPMENT_TEAM = 32PNVK46J4;
				ENABLE_PREVIEWS = YES;
				GENERATE_INFOPLIST_FILE = YES;
				INFOPLIST_KEY_UIApplicationSceneManifest_Generation = YES;
				INFOPLIST_KEY_UIApplicationSupportsIndirectInputEvents = YES;
				INFOPLIST_KEY_UILaunchScreen_Generation = YES;
				INFOPLIST_KEY_UIStatusBarHidden = NO;
				INFOPLIST_KEY_UIStatusBarStyle = "";
				INFOPLIST_KEY_UISupportedInterfaceOrientations = UIInterfaceOrientationPortrait;
				LD_RUNPATH_SEARCH_PATHS = (
					"$(inherited)",
					"@executable_path/Frameworks",
				);
				MARKETING_VERSION = 1.0;
				PRODUCT_BUNDLE_IDENTIFIER = "Foxwood-Software.Shuffle-Focus";
				PRODUCT_NAME = "$(TARGET_NAME)";
				SUPPORTED_PLATFORMS = "iphoneos iphonesimulator";
				SUPPORTS_MACCATALYST = NO;
				SUPPORTS_MAC_DESIGNED_FOR_IPHONE_IPAD = NO;
				SUPPORTS_XR_DESIGNED_FOR_IPHONE_IPAD = NO;
				SWIFT_EMIT_LOC_STRINGS = YES;
				SWIFT_VERSION = 5.0;
				TARGETED_DEVICE_FAMILY = 1;
			};
			name = Release;
		};
/* End XCBuildConfiguration section */

/* Begin XCConfigurationList section */
		3D2CCAAA2BA2247300DAFDB0 /* Build configuration list for PBXProject "Shuffle Focus" */ = {
			isa = XCConfigurationList;
			buildConfigurations = (
				3D2CCABB2BA2247400DAFDB0 /* Debug */,
				3D2CCABC2BA2247400DAFDB0 /* Release */,
			);
			defaultConfigurationIsVisible = 0;
			defaultConfigurationName = Release;
		};
		3D2CCABD2BA2247400DAFDB0 /* Build configuration list for PBXNativeTarget "Shuffle Focus" */ = {
			isa = XCConfigurationList;
			buildConfigurations = (
				3D2CCABE2BA2247400DAFDB0 /* Debug */,
				3D2CCABF2BA2247400DAFDB0 /* Release */,
			);
			defaultConfigurationIsVisible = 0;
			defaultConfigurationName = Release;
		};
/* End XCConfigurationList section */
	};
	rootObject = 3D2CCAA72BA2247300DAFDB0 /* Project object */;
}
